
Microsoft Visual Studio Solution File, Format Version 12.00
# Visual Studio Version 17
VisualStudioVersion = 17.9.34714.143
MinimumVisualStudioVersion = 10.0.40219.1
Project("{9A19103F-16F7-4668-BE54-9A1E7A4F7556}") = "AppNumeroDaSorte", "AppNumeroDaSorte\AppNumeroDaSorte.csproj", "{80EAF65F-B4CF-4D3C-9BE0-BAADAC5882A8}"
EndProject
Project("{2150E333-8FDC-42A3-9474-1A3956D46DE8}") = "App01", "App01", "{EE61723C-9FF7-4092-817E-3B08ECD98EB1}"
EndProject
Project("{2150E333-8FDC-42A3-9474-1A3956D46DE8}") = "App02", "App02", "{A202860E-79C6-4D2D-BDA1-DC6718D6D5E2}"
EndProject
Project("{FAE04EC0-301F-11D3-BF4B-00C04F79EFBC}") = "AppContentPage", "AppContentPage\AppContentPage.csproj", "{C47F8098-ACE5-4252-BB67-D783B8E54254}"
EndProject
Project("{9A19103F-16F7-4668-BE54-9A1E7A4F7556}") = "AppNavigationPage", "AppNavigationPage\AppNavigationPage.csproj", "{859957EB-710F-4D36-9DFE-63FEB08B9F5B}"
EndProject
Project("{FAE04EC0-301F-11D3-BF4B-00C04F79EFBC}") = "AppFlyoutPage", "AppFlyoutPage\AppFlyoutPage.csproj", "{92E60F77-FAD0-4260-8320-7CF8EAFA4C74}"
EndProject
Project("{9A19103F-16F7-4668-BE54-9A1E7A4F7556}") = "AppTabbedPage", "AppTabbedPage\AppTabbedPage.csproj", "{59E86404-27A0-4BA0-B2D1-7BE9F17D3DB0}"
EndProject
Project("{2150E333-8FDC-42A3-9474-1A3956D46DE8}") = "App03", "App03", "{81AA01F3-FDB9-480C-8315-4738B2F4732F}"
EndProject
Project("{FAE04EC0-301F-11D3-BF4B-00C04F79EFBC}") = "AppMauiGallery", "AppMauiGallery\AppMauiGallery.csproj", "{E8722666-34CC-446D-AB20-700C7E20D090}"
EndProject
Global
	GlobalSection(SolutionConfigurationPlatforms) = preSolution
		Debug|Any CPU = Debug|Any CPU
		Release|Any CPU = Release|Any CPU
	EndGlobalSection
	GlobalSection(ProjectConfigurationPlatforms) = postSolution
		{80EAF65F-B4CF-4D3C-9BE0-BAADAC5882A8}.Debug|Any CPU.ActiveCfg = Debug|Any CPU
		{80EAF65F-B4CF-4D3C-9BE0-BAADAC5882A8}.Debug|Any CPU.Build.0 = Debug|Any CPU
		{80EAF65F-B4CF-4D3C-9BE0-BAADAC5882A8}.Debug|Any CPU.Deploy.0 = Debug|Any CPU
		{80EAF65F-B4CF-4D3C-9BE0-BAADAC5882A8}.Release|Any CPU.ActiveCfg = Release|Any CPU
		{80EAF65F-B4CF-4D3C-9BE0-BAADAC5882A8}.Release|Any CPU.Build.0 = Release|Any CPU
		{80EAF65F-B4CF-4D3C-9BE0-BAADAC5882A8}.Release|Any CPU.Deploy.0 = Release|Any CPU
		{C47F8098-ACE5-4252-BB67-D783B8E54254}.Debug|Any CPU.ActiveCfg = Debug|Any CPU
		{C47F8098-ACE5-4252-BB67-D783B8E54254}.Debug|Any CPU.Build.0 = Debug|Any CPU
		{C47F8098-ACE5-4252-BB67-D783B8E54254}.Debug|Any CPU.Deploy.0 = Debug|Any CPU
		{C47F8098-ACE5-4252-BB67-D783B8E54254}.Release|Any CPU.ActiveCfg = Release|Any CPU
		{C47F8098-ACE5-4252-BB67-D783B8E54254}.Release|Any CPU.Build.0 = Release|Any CPU
		{C47F8098-ACE5-4252-BB67-D783B8E54254}.Release|Any CPU.Deploy.0 = Release|Any CPU
		{859957EB-710F-4D36-9DFE-63FEB08B9F5B}.Debug|Any CPU.ActiveCfg = Debug|Any CPU
		{859957EB-710F-4D36-9DFE-63FEB08B9F5B}.Debug|Any CPU.Build.0 = Debug|Any CPU
		{859957EB-710F-4D36-9DFE-63FEB08B9F5B}.Debug|Any CPU.Deploy.0 = Debug|Any CPU
		{859957EB-710F-4D36-9DFE-63FEB08B9F5B}.Release|Any CPU.ActiveCfg = Release|Any CPU
		{859957EB-710F-4D36-9DFE-63FEB08B9F5B}.Release|Any CPU.Build.0 = Release|Any CPU
		{859957EB-710F-4D36-9DFE-63FEB08B9F5B}.Release|Any CPU.Deploy.0 = Release|Any CPU
		{92E60F77-FAD0-4260-8320-7CF8EAFA4C74}.Debug|Any CPU.ActiveCfg = Debug|Any CPU
		{92E60F77-FAD0-4260-8320-7CF8EAFA4C74}.Debug|Any CPU.Build.0 = Debug|Any CPU
		{92E60F77-FAD0-4260-8320-7CF8EAFA4C74}.Debug|Any CPU.Deploy.0 = Debug|Any CPU
		{92E60F77-FAD0-4260-8320-7CF8EAFA4C74}.Release|Any CPU.ActiveCfg = Release|Any CPU
		{92E60F77-FAD0-4260-8320-7CF8EAFA4C74}.Release|Any CPU.Build.0 = Release|Any CPU
		{92E60F77-FAD0-4260-8320-7CF8EAFA4C74}.Release|Any CPU.Deploy.0 = Release|Any CPU
		{59E86404-27A0-4BA0-B2D1-7BE9F17D3DB0}.Debug|Any CPU.ActiveCfg = Debug|Any CPU
		{59E86404-27A0-4BA0-B2D1-7BE9F17D3DB0}.Debug|Any CPU.Build.0 = Debug|Any CPU
		{59E86404-27A0-4BA0-B2D1-7BE9F17D3DB0}.Debug|Any CPU.Deploy.0 = Debug|Any CPU
		{59E86404-27A0-4BA0-B2D1-7BE9F17D3DB0}.Release|Any CPU.ActiveCfg = Release|Any CPU
		{59E86404-27A0-4BA0-B2D1-7BE9F17D3DB0}.Release|Any CPU.Build.0 = Release|Any CPU
		{59E86404-27A0-4BA0-B2D1-7BE9F17D3DB0}.Release|Any CPU.Deploy.0 = Release|Any CPU
		{E8722666-34CC-446D-AB20-700C7E20D090}.Debug|Any CPU.ActiveCfg = Debug|Any CPU
		{E8722666-34CC-446D-AB20-700C7E20D090}.Debug|Any CPU.Build.0 = Debug|Any CPU
		{E8722666-34CC-446D-AB20-700C7E20D090}.Debug|Any CPU.Deploy.0 = Debug|Any CPU
		{E8722666-34CC-446D-AB20-700C7E20D090}.Release|Any CPU.ActiveCfg = Release|Any CPU
		{E8722666-34CC-446D-AB20-700C7E20D090}.Release|Any CPU.Build.0 = Release|Any CPU
		{E8722666-34CC-446D-AB20-700C7E20D090}.Release|Any CPU.Deploy.0 = Release|Any CPU
	EndGlobalSection
	GlobalSection(SolutionProperties) = preSolution
		HideSolutionNode = FALSE
	EndGlobalSection
	GlobalSection(NestedProjects) = preSolution
		{80EAF65F-B4CF-4D3C-9BE0-BAADAC5882A8} = {EE61723C-9FF7-4092-817E-3B08ECD98EB1}
		{C47F8098-ACE5-4252-BB67-D783B8E54254} = {A202860E-79C6-4D2D-BDA1-DC6718D6D5E2}
		{859957EB-710F-4D36-9DFE-63FEB08B9F5B} = {A202860E-79C6-4D2D-BDA1-DC6718D6D5E2}
		{92E60F77-FAD0-4260-8320-7CF8EAFA4C74} = {A202860E-79C6-4D2D-BDA1-DC6718D6D5E2}
		{59E86404-27A0-4BA0-B2D1-7BE9F17D3DB0} = {A202860E-79C6-4D2D-BDA1-DC6718D6D5E2}
		{E8722666-34CC-446D-AB20-700C7E20D090} = {81AA01F3-FDB9-480C-8315-4738B2F4732F}
	EndGlobalSection
	GlobalSection(ExtensibilityGlobals) = postSolution
		SolutionGuid = {54C38F58-4A77-4F46-AB3D-67CF30D646C9}
	EndGlobalSection
EndGlobal
